{
  "name": "easi-ui",
  "version": "0.1.0",
  "lockfileVersion": 3,
  "requires": true,
  "packages": {
    "": {
      "name": "easi-ui",
      "version": "0.1.0",
      "workspaces": [
        "packages/*",
        "apps/*"
      ],
      "engines": {
        "node": ">=18"
      }
    },
    "apps/showcase": {
      "name": "@easi-ui/showcase",
      "version": "0.1.0",
      "dependencies": {
        "@easi-ui/core": "file:../../packages/core",
        "@easi-ui/dicom": "file:../../packages/dicom",
        "@easi-ui/fhir": "file:../../packages/fhir",
        "@easi-ui/pipeline": "file:../../packages/pipeline"
      }
    },
    "node_modules/@easi-ui/angular-adapter": {
      "resolved": "packages/angular-adapter",
      "link": true
    },
    "node_modules/@easi-ui/core": {
      "resolved": "packages/core",
      "link": true
    },
    "node_modules/@easi-ui/dicom": {
      "resolved": "packages/dicom",
      "link": true
    },
    "node_modules/@easi-ui/fhir": {
      "resolved": "packages/fhir",
      "link": true
    },
    "node_modules/@easi-ui/pipeline": {
      "resolved": "packages/pipeline",
      "link": true
    },
    "node_modules/@easi-ui/react-adapter": {
      "resolved": "packages/react-adapter",
      "link": true
    },
    "node_modules/@easi-ui/showcase": {
      "resolved": "apps/showcase",
      "link": true
    },
    "node_modules/@easi-ui/vue-adapter": {
      "resolved": "packages/vue-adapter",
      "link": true
    },
    "packages/angular-adapter": {
      "name": "@easi-ui/angular-adapter",
      "version": "0.1.0",
      "dependencies": {
        "@easi-ui/core": "file:../core"
      },
      "peerDependencies": {
        "@angular/core": ">=17"
      },
      "peerDependenciesMeta": {
        "@angular/core": {
          "optional": true
        }
      }
    },
    "packages/core": {
      "name": "@easi-ui/core",
      "version": "0.1.0"
    },
    "packages/dicom": {
      "name": "@easi-ui/dicom",
      "version": "0.1.0",
      "dependencies": {
        "@easi-ui/core": "file:../core"
      }
    },
    "packages/fhir": {
      "name": "@easi-ui/fhir",
      "version": "0.1.0",
      "dependencies": {
        "@easi-ui/core": "file:../core"
      }
    },
    "packages/pipeline": {
      "name": "@easi-ui/pipeline",
      "version": "0.1.0",
      "dependencies": {
        "@easi-ui/core": "file:../core"
      }
    },
    "packages/react-adapter": {
      "name": "@easi-ui/react-adapter",
      "version": "0.1.0",
      "dependencies": {
        "@easi-ui/core": "file:../core"
      },
      "peerDependencies": {
        "react": ">=18"
      },
      "peerDependenciesMeta": {
        "react": {
          "optional": true
        }
      }
    },
    "packages/vue-adapter": {
      "name": "@easi-ui/vue-adapter",
      "version": "0.1.0",
      "dependencies": {
        "@easi-ui/core": "file:../core"
      },
      "peerDependencies": {
        "vue": ">=3"
      },
      "peerDependenciesMeta": {
        "vue": {
          "optional": true
        }
      }
    }
  }
}
